{
  "originHash" : "96cae14692ec3edf062e40c15fd62d12e68a1d3731948eca41084d73830c1f75",
  "pins" : [
    {
      "identity" : "capacitor-swift-pm",
      "kind" : "remoteSourceControl",
      "location" : "https://github.com/ionic-team/capacitor-swift-pm.git",
      "state" : {
        "revision" : "4f71d0b979f2f957326f04353eca7604ee937e1e",
        "version" : "8.5.0"
      }
    }
  ],
  "version" : 3
}
